
Microsoft Visual Studio Solution File, Format Version 10.00
# Visual Studio 2008
Project("{FAE04EC0-301F-11D3-BF4B-00C04F79EFBC}") = "testclientsocket", "testclientsocket\testclientsocket.csproj", "{4318F20F-F6A6-4949-8513-5ED97F971C85}"
EndProject
Global
	GlobalSection(SolutionConfigurationPlatforms) = preSolution
		Debug|Any CPU = Debug|Any CPU
		Release|Any CPU = Release|Any CPU
	EndGlobalSection
	GlobalSection(ProjectConfigurationPlatforms) = postSolution
		{4318F20F-F6A6-4949-8513-5ED97F971C85}.Debug|Any CPU.ActiveCfg = Debug|Any CPU
		{4318F20F-F6A6-4949-8513-5ED97F971C85}.Debug|Any CPU.Build.0 = Debug|Any CPU
		{4318F20F-F6A6-4949-8513-5ED97F971C85}.Debug|Any CPU.Deploy.0 = Debug|Any CPU
		{4318F20F-F6A6-4949-8513-5ED97F971C85}.Release|Any CPU.ActiveCfg = Release|Any CPU
		{4318F20F-F6A6-4949-8513-5ED97F971C85}.Release|Any CPU.Build.0 = Release|Any CPU
		{4318F20F-F6A6-4949-8513-5ED97F971C85}.Release|Any CPU.Deploy.0 = Release|Any CPU
	EndGlobalSection
	GlobalSection(SolutionProperties) = preSolution
		HideSolutionNode = FALSE
	EndGlobalSection
EndGlobal
